
Microsoft Visual Studio Solution File, Format Version 12.00
# Visual Studio Version 16
VisualStudioVersion = 16.0.31624.102
MinimumVisualStudioVersion = 10.0.40219.1
Project("{9A19103F-16F7-4668-BE54-9A1E7A4F7556}") = "Data", "Data\Data.csproj", "{CBE0BEA4-70B4-4B57-AA7F-D1F8B1271272}"
EndProject
Project("{9A19103F-16F7-4668-BE54-9A1E7A4F7556}") = "Application", "Application\Application.csproj", "{11FE1F13-8971-4C61-8EBB-163EF95D2BEC}"
EndProject
Project("{9A19103F-16F7-4668-BE54-9A1E7A4F7556}") = "WebApi", "WebApi\WebApi.csproj", "{45AAB199-054B-4FC0-A617-F9CA5E2B31D2}"
EndProject
Global
	GlobalSection(SolutionConfigurationPlatforms) = preSolution
		Debug|Any CPU = Debug|Any CPU
		Release|Any CPU = Release|Any CPU
	EndGlobalSection
	GlobalSection(ProjectConfigurationPlatforms) = postSolution
		{CBE0BEA4-70B4-4B57-AA7F-D1F8B1271272}.Debug|Any CPU.ActiveCfg = Debug|Any CPU
		{CBE0BEA4-70B4-4B57-AA7F-D1F8B1271272}.Debug|Any CPU.Build.0 = Debug|Any CPU
		{CBE0BEA4-70B4-4B57-AA7F-D1F8B1271272}.Release|Any CPU.ActiveCfg = Release|Any CPU
		{CBE0BEA4-70B4-4B57-AA7F-D1F8B1271272}.Release|Any CPU.Build.0 = Release|Any CPU
		{11FE1F13-8971-4C61-8EBB-163EF95D2BEC}.Debug|Any CPU.ActiveCfg = Debug|Any CPU
		{11FE1F13-8971-4C61-8EBB-163EF95D2BEC}.Debug|Any CPU.Build.0 = Debug|Any CPU
		{11FE1F13-8971-4C61-8EBB-163EF95D2BEC}.Release|Any CPU.ActiveCfg = Release|Any CPU
		{11FE1F13-8971-4C61-8EBB-163EF95D2BEC}.Release|Any CPU.Build.0 = Release|Any CPU
		{45AAB199-054B-4FC0-A617-F9CA5E2B31D2}.Debug|Any CPU.ActiveCfg = Debug|Any CPU
		{45AAB199-054B-4FC0-A617-F9CA5E2B31D2}.Debug|Any CPU.Build.0 = Debug|Any CPU
		{45AAB199-054B-4FC0-A617-F9CA5E2B31D2}.Release|Any CPU.ActiveCfg = Release|Any CPU
		{45AAB199-054B-4FC0-A617-F9CA5E2B31D2}.Release|Any CPU.Build.0 = Release|Any CPU
	EndGlobalSection
	GlobalSection(SolutionProperties) = preSolution
		HideSolutionNode = FALSE
	EndGlobalSection
	GlobalSection(ExtensibilityGlobals) = postSolution
		SolutionGuid = {43E944F4-CF43-4F88-9D6B-3CE8804F2C39}
	EndGlobalSection
EndGlobal
